
Microsoft Visual Studio Solution File, Format Version 12.00
# Visual Studio Version 17
VisualStudioVersion = 17.2.32602.215
MinimumVisualStudioVersion = 10.0.40219.1
Project("{9A19103F-16F7-4668-BE54-9A1E7A4F7556}") = "Practical_10_5_Task1", "Task_1\Practical_10_5_Task1.csproj", "{65347C64-484C-4A79-8AAC-162959A7BAAF}"
EndProject
Project("{FAE04EC0-301F-11D3-BF4B-00C04F79EFBC}") = "Practical_10_5_Task2", "Task_2\Practical_10_5_Task2.csproj", "{2DC76C09-44BF-4189-BA56-C07A6974F283}"
EndProject
Global
	GlobalSection(SolutionConfigurationPlatforms) = preSolution
		Debug|Any CPU = Debug|Any CPU
		Release|Any CPU = Release|Any CPU
	EndGlobalSection
	GlobalSection(ProjectConfigurationPlatforms) = postSolution
		{65347C64-484C-4A79-8AAC-162959A7BAAF}.Debug|Any CPU.ActiveCfg = Debug|Any CPU
		{65347C64-484C-4A79-8AAC-162959A7BAAF}.Debug|Any CPU.Build.0 = Debug|Any CPU
		{65347C64-484C-4A79-8AAC-162959A7BAAF}.Release|Any CPU.ActiveCfg = Release|Any CPU
		{65347C64-484C-4A79-8AAC-162959A7BAAF}.Release|Any CPU.Build.0 = Release|Any CPU
		{2DC76C09-44BF-4189-BA56-C07A6974F283}.Debug|Any CPU.ActiveCfg = Debug|Any CPU
		{2DC76C09-44BF-4189-BA56-C07A6974F283}.Debug|Any CPU.Build.0 = Debug|Any CPU
		{2DC76C09-44BF-4189-BA56-C07A6974F283}.Release|Any CPU.ActiveCfg = Release|Any CPU
		{2DC76C09-44BF-4189-BA56-C07A6974F283}.Release|Any CPU.Build.0 = Release|Any CPU
	EndGlobalSection
	GlobalSection(SolutionProperties) = preSolution
		HideSolutionNode = FALSE
	EndGlobalSection
	GlobalSection(ExtensibilityGlobals) = postSolution
		SolutionGuid = {7F3DB7B3-F7A0-4599-8153-0EC0097D3253}
	EndGlobalSection
EndGlobal
